// !$*UTF8*$!
{
	archiveVersion = 1;
	classes = {
	};
	objectVersion = 46;
	objects = {

/* Begin PBXBuildFile section */
		7FC933D01B3AD924003D0E38 /* BusinessLogicLayer.h in CopyFiles */ = {isa = PBXBuildFile; fileRef = 7FC933CF1B3AD924003D0E38 /* BusinessLogicLayer.h */; };
		7FC933D21B3AD924003D0E38 /* BusinessLogicLayer.m in Sources */ = {isa = PBXBuildFile; fileRef = 7FC933D11B3AD924003D0E38 /* BusinessLogicLayer.m */; };
		7FC933D81B3AD924003D0E38 /* libBusinessLogicLayer.a in Frameworks */ = {isa = PBXBuildFile; fileRef = 7FC933CC1B3AD924003D0E38 /* libBusinessLogicLayer.a */; };
		7FC933E71B3AD9E6003D0E38 /* libPersistenceLayer.a in Frameworks */ = {isa = PBXBuildFile; fileRef = 7FC933E61B3AD9E6003D0E38 /* libPersistenceLayer.a */; };
/* End PBXBuildFile section */

/* Begin PBXContainerItemProxy section */
		7FC933D91B3AD924003D0E38 /* PBXContainerItemProxy */ = {
			isa = PBXContainerItemProxy;
			containerPortal = 7FC933C41B3AD924003D0E38 /* Project object */;
			proxyType = 1;
			remoteGlobalIDString = 7FC933CB1B3AD924003D0E38;
			remoteInfo = BusinessLogicLayer;
		};
/* End PBXContainerItemProxy section */

/* Begin PBXCopyFilesBuildPhase section */
		7FC933CA1B3AD924003D0E38 /* CopyFiles */ = {
			isa = PBXCopyFilesBuildPhase;
			buildActionMask = 2147483647;
			dstPath = "include/$(PRODUCT_NAME)";
			dstSubfolderSpec = 16;
			files = (
				7FC933D01B3AD924003D0E38 /* BusinessLogicLayer.h in CopyFiles */,
			);
			runOnlyForDeploymentPostprocessing = 0;
		};
/* End PBXCopyFilesBuildPhase section */

/* Begin PBXFileReference section */
		7FC933CC1B3AD924003D0E38 /* libBusinessLogicLayer.a */ = {isa = PBXFileReference; explicitFileType = archive.ar; includeInIndex = 0; path = libBusinessLogicLayer.a; sourceTree = BUILT_PRODUCTS_DIR; };
		7FC933CF1B3AD924003D0E38 /* BusinessLogicLayer.h */ = {isa = PBXFileReference; lastKnownFileType = sourcecode.c.h; path = BusinessLogicLayer.h; sourceTree = "<group>"; };
		7FC933D11B3AD924003D0E38 /* BusinessLogicLayer.m */ = {isa = PBXFileReference; lastKnownFileType = sourcecode.c.objc; path = BusinessLogicLayer.m; sourceTree = "<group>"; };
		7FC933D71B3AD924003D0E38 /* BusinessLogicLayerTests.xctest */ = {isa = PBXFileReference; explicitFileType = wrapper.cfbundle; includeInIndex = 0; path = BusinessLogicLayerTests.xctest; sourceTree = BUILT_PRODUCTS_DIR; };
		7FC933DD1B3AD924003D0E38 /* Info.plist */ = {isa = PBXFileReference; lastKnownFileType = text.plist.xml; path = Info.plist; sourceTree = "<group>"; };
		7FC933E61B3AD9E6003D0E38 /* libPersistenceLayer.a */ = {isa = PBXFileReference; lastKnownFileType = archive.ar; name = libPersistenceLayer.a; path = "../PersistenceLayer/build/Debug-iphoneos/libPersistenceLayer.a"; sourceTree = "<group>"; };
/* End PBXFileReference section */

/* Begin PBXFrameworksBuildPhase section */
		7FC933C91B3AD924003D0E38 /* Frameworks */ = {
			isa = PBXFrameworksBuildPhase;
			buildActionMask = 2147483647;
			files = (
				7FC933E71B3AD9E6003D0E38 /* libPersistenceLayer.a in Frameworks */,
			);
			runOnlyForDeploymentPostprocessing = 0;
		};
		7FC933D41B3AD924003D0E38 /* Frameworks */ = {
			isa = PBXFrameworksBuildPhase;
			buildActionMask = 2147483647;
			files = (
				7FC933D81B3AD924003D0E38 /* libBusinessLogicLayer.a in Frameworks */,
			);
			runOnlyForDeploymentPostprocessing = 0;
		};
/* End PBXFrameworksBuildPhase section */

/* Begin PBXGroup section */
		7FC933C31B3AD924003D0E38 = {
			isa = PBXGroup;
			children = (
				7FC933E61B3AD9E6003D0E38 /* libPersistenceLayer.a */,
				7FC933CE1B3AD924003D0E38 /* BusinessLogicLayer */,
				7FC933DB1B3AD924003D0E38 /* BusinessLogicLayerTests */,
				7FC933CD1B3AD924003D0E38 /* Products */,
			);
			sourceTree = "<group>";
		};
		7FC933CD1B3AD924003D0E38 /* Products */ = {
			isa = PBXGroup;
			children = (
				7FC933CC1B3AD924003D0E38 /* libBusinessLogicLayer.a */,
				7FC933D71B3AD924003D0E38 /* BusinessLogicLayerTests.xctest */,
			);
			name = Products;
			sourceTree = "<group>";
		};
		7FC933CE1B3AD924003D0E38 /* BusinessLogicLayer */ = {
			isa = PBXGroup;
			children = (
				7FC933CF1B3AD924003D0E38 /* BusinessLogicLayer.h */,
				7FC933D11B3AD924003D0E38 /* BusinessLogicLayer.m */,
			);
			path = BusinessLogicLayer;
			sourceTree = "<group>";
		};
		7FC933DB1B3AD924003D0E38 /* BusinessLogicLayerTests */ = {
			isa = PBXGroup;
			children = (
				7FC933DC1B3AD924003D0E38 /* Supporting Files */,
			);
			path = BusinessLogicLayerTests;
			sourceTree = "<group>";
		};
		7FC933DC1B3AD924003D0E38 /* Supporting Files */ = {
			isa = PBXGroup;
			children = (
				7FC933DD1B3AD924003D0E38 /* Info.plist */,
			);
			name = "Supporting Files";
			sourceTree = "<group>";
		};
/* End PBXGroup section */

/* Begin PBXNativeTarget section */
		7FC933CB1B3AD924003D0E38 /* BusinessLogicLayer */ = {
			isa = PBXNativeTarget;
			buildConfigurationList = 7FC933E01B3AD924003D0E38 /* Build configuration list for PBXNativeTarget "BusinessLogicLayer" */;
			buildPhases = (
				7FC933C81B3AD924003D0E38 /* Sources */,
				7FC933C91B3AD924003D0E38 /* Frameworks */,
				7FC933CA1B3AD924003D0E38 /* CopyFiles */,
			);
			buildRules = (
			);
			dependencies = (
			);
			name = BusinessLogicLayer;
			productName = BusinessLogicLayer;
			productReference = 7FC933CC1B3AD924003D0E38 /* libBusinessLogicLayer.a */;
			productType = "com.apple.product-type.library.static";
		};
		7FC933D61B3AD924003D0E38 /* BusinessLogicLayerTests */ = {
			isa = PBXNativeTarget;
			buildConfigurationList = 7FC933E31B3AD924003D0E38 /* Build configuration list for PBXNativeTarget "BusinessLogicLayerTests" */;
			buildPhases = (
				7FC933D31B3AD924003D0E38 /* Sources */,
				7FC933D41B3AD924003D0E38 /* Frameworks */,
				7FC933D51B3AD924003D0E38 /* Resources */,
			);
			buildRules = (
			);
			dependencies = (
				7FC933DA1B3AD924003D0E38 /* PBXTargetDependency */,
			);
			name = BusinessLogicLayerTests;
			productName = BusinessLogicLayerTests;
			productReference = 7FC933D71B3AD924003D0E38 /* BusinessLogicLayerTests.xctest */;
			productType = "com.apple.product-type.bundle.unit-test";
		};
/* End PBXNativeTarget section */

/* Begin PBXProject section */
		7FC933C41B3AD924003D0E38 /* Project object */ = {
			isa = PBXProject;
			attributes = {
				LastUpgradeCheck = 0630;
				ORGANIZATIONNAME = ChenJianneng;
				TargetAttributes = {
					7FC933CB1B3AD924003D0E38 = {
						CreatedOnToolsVersion = 6.3.2;
					};
					7FC933D61B3AD924003D0E38 = {
						CreatedOnToolsVersion = 6.3.2;
					};
				};
			};
			buildConfigurationList = 7FC933C71B3AD924003D0E38 /* Build configuration list for PBXProject "BusinessLogicLayer" */;
			compatibilityVersion = "Xcode 3.2";
			developmentRegion = English;
			hasScannedForEncodings = 0;
			knownRegions = (
				en,
			);
			mainGroup = 7FC933C31B3AD924003D0E38;
			productRefGroup = 7FC933CD1B3AD924003D0E38 /* Products */;
			projectDirPath = "";
			projectRoot = "";
			targets = (
				7FC933CB1B3AD924003D0E38 /* BusinessLogicLayer */,
				7FC933D61B3AD924003D0E38 /* BusinessLogicLayerTests */,
			);
		};
/* End PBXProject section */

/* Begin PBXResourcesBuildPhase section */
		7FC933D51B3AD924003D0E38 /* Resources */ = {
			isa = PBXResourcesBuildPhase;
			buildActionMask = 2147483647;
			files = (
			);
			runOnlyForDeploymentPostprocessing = 0;
		};
/* End PBXResourcesBuildPhase section */

/* Begin PBXSourcesBuildPhase section */
		7FC933C81B3AD924003D0E38 /* Sources */ = {
			isa = PBXSourcesBuildPhase;
			buildActionMask = 2147483647;
			files = (
				7FC933D21B3AD924003D0E38 /* BusinessLogicLayer.m in Sources */,
			);
			runOnlyForDeploymentPostprocessing = 0;
		};
		7FC933D31B3AD924003D0E38 /* Sources */ = {
			isa = PBXSourcesBuildPhase;
			buildActionMask = 2147483647;
			files = (
			);
			runOnlyForDeploymentPostprocessing = 0;
		};
/* End PBXSourcesBuildPhase section */

/* Begin PBXTargetDependency section */
		7FC933DA1B3AD924003D0E38 /* PBXTargetDependency */ = {
			isa = PBXTargetDependency;
			target = 7FC933CB1B3AD924003D0E38 /* BusinessLogicLayer */;
			targetProxy = 7FC933D91B3AD924003D0E38 /* PBXContainerItemProxy */;
		};
/* End PBXTargetDependency section */

/* Begin XCBuildConfiguration section */
		7FC933DE1B3AD924003D0E38 /* Debug */ = {
			isa = XCBuildConfiguration;
			buildSettings = {
				ALWAYS_SEARCH_USER_PATHS = NO;
				CLANG_CXX_LANGUAGE_STANDARD = "gnu++0x";
				CLANG_CXX_LIBRARY = "libc++";
				CLANG_ENABLE_MODULES = YES;
				CLANG_ENABLE_OBJC_ARC = YES;
				CLANG_WARN_BOOL_CONVERSION = YES;
				CLANG_WARN_CONSTANT_CONVERSION = YES;
				CLANG_WARN_DIRECT_OBJC_ISA_USAGE = YES_ERROR;
				CLANG_WARN_EMPTY_BODY = YES;
				CLANG_WARN_ENUM_CONVERSION = YES;
				CLANG_WARN_INT_CONVERSION = YES;
				CLANG_WARN_OBJC_ROOT_CLASS = YES_ERROR;
				CLANG_WARN_UNREACHABLE_CODE = YES;
				CLANG_WARN__DUPLICATE_METHOD_MATCH = YES;
				COPY_PHASE_STRIP = NO;
				DEBUG_INFORMATION_FORMAT = "dwarf-with-dsym";
				ENABLE_STRICT_OBJC_MSGSEND = YES;
				GCC_C_LANGUAGE_STANDARD = gnu99;
				GCC_DYNAMIC_NO_PIC = NO;
				GCC_NO_COMMON_BLOCKS = YES;
				GCC_OPTIMIZATION_LEVEL = 0;
				GCC_PREPROCESSOR_DEFINITIONS = (
					"DEBUG=1",
					"$(inherited)",
				);
				GCC_SYMBOLS_PRIVATE_EXTERN = NO;
				GCC_WARN_64_TO_32_BIT_CONVERSION = YES;
				GCC_WARN_ABOUT_RETURN_TYPE = YES_ERROR;
				GCC_WARN_UNDECLARED_SELECTOR = YES;
				GCC_WARN_UNINITIALIZED_AUTOS = YES_AGGRESSIVE;
				GCC_WARN_UNUSED_FUNCTION = YES;
				GCC_WARN_UNUSED_VARIABLE = YES;
				IPHONEOS_DEPLOYMENT_TARGET = 8.3;
				MTL_ENABLE_DEBUG_INFO = YES;
				ONLY_ACTIVE_ARCH = YES;
				SDKROOT = iphoneos;
			};
			name = Debug;
		};
		7FC933DF1B3AD924003D0E38 /* Release */ = {
			isa = XCBuildConfiguration;
			buildSettings = {
				ALWAYS_SEARCH_USER_PATHS = NO;
				CLANG_CXX_LANGUAGE_STANDARD = "gnu++0x";
				CLANG_CXX_LIBRARY = "libc++";
				CLANG_ENABLE_MODULES = YES;
				CLANG_ENABLE_OBJC_ARC = YES;
				CLANG_WARN_BOOL_CONVERSION = YES;
				CLANG_WARN_CONSTANT_CONVERSION = YES;
				CLANG_WARN_DIRECT_OBJC_ISA_USAGE = YES_ERROR;
				CLANG_WARN_EMPTY_BODY = YES;
				CLANG_WARN_ENUM_CONVERSION = YES;
				CLANG_WARN_INT_CONVERSION = YES;
				CLANG_WARN_OBJC_ROOT_CLASS = YES_ERROR;
				CLANG_WARN_UNREACHABLE_CODE = YES;
				CLANG_WARN__DUPLICATE_METHOD_MATCH = YES;
				COPY_PHASE_STRIP = NO;
				DEBUG_INFORMATION_FORMAT = "dwarf-with-dsym";
				ENABLE_NS_ASSERTIONS = NO;
				ENABLE_STRICT_OBJC_MSGSEND = YES;
				GCC_C_LANGUAGE_STANDARD = gnu99;
				GCC_NO_COMMON_BLOCKS = YES;
				GCC_WARN_64_TO_32_BIT_CONVERSION = YES;
				GCC_WARN_ABOUT_RETURN_TYPE = YES_ERROR;
				GCC_WARN_UNDECLARED_SELECTOR = YES;
				GCC_WARN_UNINITIALIZED_AUTOS = YES_AGGRESSIVE;
				GCC_WARN_UNUSED_FUNCTION = YES;
				GCC_WARN_UNUSED_VARIABLE = YES;
				IPHONEOS_DEPLOYMENT_TARGET = 8.3;
				MTL_ENABLE_DEBUG_INFO = NO;
				SDKROOT = iphoneos;
				VALIDATE_PRODUCT = YES;
			};
			name = Release;
		};
		7FC933E11B3AD924003D0E38 /* Debug */ = {
			isa = XCBuildConfiguration;
			buildSettings = {
				LIBRARY_SEARCH_PATHS = (
					"$(inherited)",
					"/Users/jared/Desktop/jared/study/2016Olympics/PersistenceLayer/build/Debug-iphoneos",
				);
				OTHER_LDFLAGS = "-ObjC";
				PRODUCT_NAME = "$(TARGET_NAME)";
				SKIP_INSTALL = YES;
				"USER_HEADER_SEARCH_PATHS[arch=*]" = "$(BUILT_PRODUCTS_DIR)/**";
			};
			name = Debug;
		};
		7FC933E21B3AD924003D0E38 /* Release */ = {
			isa = XCBuildConfiguration;
			buildSettings = {
				LIBRARY_SEARCH_PATHS = (
					"$(inherited)",
					"/Users/jared/Desktop/jared/study/2016Olympics/PersistenceLayer/build/Debug-iphoneos",
				);
				OTHER_LDFLAGS = "-ObjC";
				PRODUCT_NAME = "$(TARGET_NAME)";
				SKIP_INSTALL = YES;
				"USER_HEADER_SEARCH_PATHS[arch=*]" = "$(BUILT_PRODUCTS_DIR)/**";
			};
			name = Release;
		};
		7FC933E41B3AD924003D0E38 /* Debug */ = {
			isa = XCBuildConfiguration;
			buildSettings = {
				"CODE_SIGN_IDENTITY[sdk=iphoneos*]" = "iPhone Developer";
				FRAMEWORK_SEARCH_PATHS = (
					"$(SDKROOT)/Developer/Library/Frameworks",
					"$(inherited)",
				);
				GCC_PREPROCESSOR_DEFINITIONS = (
					"DEBUG=1",
					"$(inherited)",
				);
				INFOPLIST_FILE = BusinessLogicLayerTests/Info.plist;
				LD_RUNPATH_SEARCH_PATHS = "$(inherited) @executable_path/Frameworks @loader_path/Frameworks";
				PRODUCT_NAME = "$(TARGET_NAME)";
			};
			name = Debug;
		};
		7FC933E51B3AD924003D0E38 /* Release */ = {
			isa = XCBuildConfiguration;
			buildSettings = {
				"CODE_SIGN_IDENTITY[sdk=iphoneos*]" = "iPhone Developer";
				FRAMEWORK_SEARCH_PATHS = (
					"$(SDKROOT)/Developer/Library/Frameworks",
					"$(inherited)",
				);
				INFOPLIST_FILE = BusinessLogicLayerTests/Info.plist;
				LD_RUNPATH_SEARCH_PATHS = "$(inherited) @executable_path/Frameworks @loader_path/Frameworks";
				PRODUCT_NAME = "$(TARGET_NAME)";
			};
			name = Release;
		};
/* End XCBuildConfiguration section */

/* Begin XCConfigurationList section */
		7FC933C71B3AD924003D0E38 /* Build configuration list for PBXProject "BusinessLogicLayer" */ = {
			isa = XCConfigurationList;
			buildConfigurations = (
				7FC933DE1B3AD924003D0E38 /* Debug */,
				7FC933DF1B3AD924003D0E38 /* Release */,
			);
			defaultConfigurationIsVisible = 0;
			defaultConfigurationName = Release;
		};
		7FC933E01B3AD924003D0E38 /* Build configuration list for PBXNativeTarget "BusinessLogicLayer" */ = {
			isa = XCConfigurationList;
			buildConfigurations = (
				7FC933E11B3AD924003D0E38 /* Debug */,
				7FC933E21B3AD924003D0E38 /* Release */,
			);
			defaultConfigurationIsVisible = 0;
		};
		7FC933E31B3AD924003D0E38 /* Build configuration list for PBXNativeTarget "BusinessLogicLayerTests" */ = {
			isa = XCConfigurationList;
			buildConfigurations = (
				7FC933E41B3AD924003D0E38 /* Debug */,
				7FC933E51B3AD924003D0E38 /* Release */,
			);
			defaultConfigurationIsVisible = 0;
		};
/* End XCConfigurationList section */
	};
	rootObject = 7FC933C41B3AD924003D0E38 /* Project object */;
}
